{
    "_meta": {
        "hash": {
            "sha256": "685e09bae78ca6849a26eb7362beec4691a5ad3008f7dad5a111adb7dcbf202e"
        },
        "pipfile-spec": 6,
        "requires": {
            "python_version": "3.9"
        },
        "sources": [
            {
                "name": "pypi",
                "url": "https://pypi.org/simple",
                "verify_ssl": true
            }
        ]
    },
    "default": {
        "tqdm": {
            "hashes": [
                "sha256:1d9835ede8e394bb8c9dcbffbca02d717217113adc679236873eeaac5bc0b3cd",
                "sha256:e643e071046f17139dea55b880dc9b33822ce21613b4a4f5ea57f202833dbc29"
            ],
            "index": "pypi",
            "version": "==4.63.0"
        }
    },
    "develop": {}
}
