{
    "_meta": {
        "hash": {
            "sha256": "685e09bae78ca6849a26eb7362beec4691a5ad3008f7dad5a111adb7dcbf202e"
        },
        "pipfile-spec": 6,
        "requires": {
            "python_version": "3.9"
        },
        "sources": [
            {
                "name": "pypi",
                "url": "https://pypi.org/simple",
                "verify_ssl": true
            }
        ]
    },
    "default": {
        "tqdm": {
            "hashes": [
                "sha256:4230a49119a416c88cc47d0d2d32d5d90f1a282d5e497d49801950704e49863d",
                "sha256:6461b009d6792008d0000e1b0c7ca50195ec78c0e808a3a6b668a56a3236c3a5"
            ],
            "index": "pypi",
            "version": "==4.63.1"
        }
    },
    "develop": {}
}
